
Microsoft Visual Studio Solution File, Format Version 12.00
# Visual Studio Version 17
VisualStudioVersion = 17.11.35327.3
MinimumVisualStudioVersion = 10.0.40219.1
Project("{FAE04EC0-301F-11D3-BF4B-00C04F79EFBC}") = "Api", "Api\Api.csproj", "{465995F1-62DE-4253-93EB-E98041108A8E}"
EndProject
Project("{FAE04EC0-301F-11D3-BF4B-00C04F79EFBC}") = "Infraestructura", "Infraestructura\Infraestructura.csproj", "{D7936DE7-063D-4D65-95BB-4204278CDCFF}"
EndProject
Project("{E53339B2-1760-4266-BCC7-CA923CBCF16C}") = "docker-compose", "docker-compose.dcproj", "{8BF493BA-0CC8-4FB3-9A7F-C878B32C095B}"
EndProject
Project("{FAE04EC0-301F-11D3-BF4B-00C04F79EFBC}") = "TestProject", "TestProject\TestProject.csproj", "{B0EF74E2-AEF3-412B-A2E6-C7F299BA1EA5}"
EndProject
Global
	GlobalSection(SolutionConfigurationPlatforms) = preSolution
		Debug|Any CPU = Debug|Any CPU
		Release|Any CPU = Release|Any CPU
	EndGlobalSection
	GlobalSection(ProjectConfigurationPlatforms) = postSolution
		{465995F1-62DE-4253-93EB-E98041108A8E}.Debug|Any CPU.ActiveCfg = Debug|Any CPU
		{465995F1-62DE-4253-93EB-E98041108A8E}.Debug|Any CPU.Build.0 = Debug|Any CPU
		{465995F1-62DE-4253-93EB-E98041108A8E}.Release|Any CPU.ActiveCfg = Release|Any CPU
		{465995F1-62DE-4253-93EB-E98041108A8E}.Release|Any CPU.Build.0 = Release|Any CPU
		{D7936DE7-063D-4D65-95BB-4204278CDCFF}.Debug|Any CPU.ActiveCfg = Debug|Any CPU
		{D7936DE7-063D-4D65-95BB-4204278CDCFF}.Debug|Any CPU.Build.0 = Debug|Any CPU
		{D7936DE7-063D-4D65-95BB-4204278CDCFF}.Release|Any CPU.ActiveCfg = Release|Any CPU
		{D7936DE7-063D-4D65-95BB-4204278CDCFF}.Release|Any CPU.Build.0 = Release|Any CPU
		{8BF493BA-0CC8-4FB3-9A7F-C878B32C095B}.Debug|Any CPU.ActiveCfg = Debug|Any CPU
		{8BF493BA-0CC8-4FB3-9A7F-C878B32C095B}.Debug|Any CPU.Build.0 = Debug|Any CPU
		{8BF493BA-0CC8-4FB3-9A7F-C878B32C095B}.Release|Any CPU.ActiveCfg = Release|Any CPU
		{8BF493BA-0CC8-4FB3-9A7F-C878B32C095B}.Release|Any CPU.Build.0 = Release|Any CPU
		{B0EF74E2-AEF3-412B-A2E6-C7F299BA1EA5}.Debug|Any CPU.ActiveCfg = Debug|Any CPU
		{B0EF74E2-AEF3-412B-A2E6-C7F299BA1EA5}.Debug|Any CPU.Build.0 = Debug|Any CPU
		{B0EF74E2-AEF3-412B-A2E6-C7F299BA1EA5}.Release|Any CPU.ActiveCfg = Release|Any CPU
		{B0EF74E2-AEF3-412B-A2E6-C7F299BA1EA5}.Release|Any CPU.Build.0 = Release|Any CPU
	EndGlobalSection
	GlobalSection(SolutionProperties) = preSolution
		HideSolutionNode = FALSE
	EndGlobalSection
	GlobalSection(ExtensibilityGlobals) = postSolution
		SolutionGuid = {8AA5F033-EC08-4E3B-84FC-F9682D08FD92}
	EndGlobalSection
EndGlobal
